
Microsoft Visual Studio Solution File, Format Version 12.00
# Visual Studio Version 16
VisualStudioVersion = 16.0.31515.178
MinimumVisualStudioVersion = 10.0.40219.1
Project("{FAE04EC0-301F-11D3-BF4B-00C04F79EFBC}") = "Homework", "..\專案區\homework\homework\Test1\Test1\Homework.csproj", "{539C7879-B5C1-4460-BD90-F10711106CE6}"
EndProject
Global
	GlobalSection(SolutionConfigurationPlatforms) = preSolution
		Debug|Any CPU = Debug|Any CPU
		Release|Any CPU = Release|Any CPU
	EndGlobalSection
	GlobalSection(ProjectConfigurationPlatforms) = postSolution
		{539C7879-B5C1-4460-BD90-F10711106CE6}.Debug|Any CPU.ActiveCfg = Debug|Any CPU
		{539C7879-B5C1-4460-BD90-F10711106CE6}.Debug|Any CPU.Build.0 = Debug|Any CPU
		{539C7879-B5C1-4460-BD90-F10711106CE6}.Release|Any CPU.ActiveCfg = Release|Any CPU
		{539C7879-B5C1-4460-BD90-F10711106CE6}.Release|Any CPU.Build.0 = Release|Any CPU
	EndGlobalSection
	GlobalSection(SolutionProperties) = preSolution
		HideSolutionNode = FALSE
	EndGlobalSection
	GlobalSection(ExtensibilityGlobals) = postSolution
		SolutionGuid = {5BC8AED1-869B-485F-8FC5-7DBE41B0227D}
	EndGlobalSection
EndGlobal
